
Microsoft Visual Studio Solution File, Format Version 12.00
# Visual Studio 15
VisualStudioVersion = 15.0.27130.2010
MinimumVisualStudioVersion = 10.0.40219.1
Project("{FAE04EC0-301F-11D3-BF4B-00C04F79EFBC}") = "App1.Android", "App1\App1.Android\App1.Android.csproj", "{D522E2C0-AFE7-4BB1-A5F6-1087D646BE15}"
EndProject
Project("{FAE04EC0-301F-11D3-BF4B-00C04F79EFBC}") = "App1.iOS", "App1\App1.iOS\App1.iOS.csproj", "{A3163004-8256-42CB-BFA5-C741A3095234}"
EndProject
Project("{FAE04EC0-301F-11D3-BF4B-00C04F79EFBC}") = "App1.UWP", "App1\App1.UWP\App1.UWP.csproj", "{21184BE7-6D8C-4A66-BFAC-5D2E7CAF150A}"
EndProject
Project("{FAE04EC0-301F-11D3-BF4B-00C04F79EFBC}") = "App1", "App1\App1\App1.csproj", "{187A060A-CEA6-4521-AB55-509EA62283FE}"
EndProject
Global
	GlobalSection(SolutionConfigurationPlatforms) = preSolution
		Ad-Hoc|Any CPU = Ad-Hoc|Any CPU
		Ad-Hoc|ARM = Ad-Hoc|ARM
		Ad-Hoc|iPhone = Ad-Hoc|iPhone
		Ad-Hoc|iPhoneSimulator = Ad-Hoc|iPhoneSimulator
		Ad-Hoc|x64 = Ad-Hoc|x64
		Ad-Hoc|x86 = Ad-Hoc|x86
		AppStore|Any CPU = AppStore|Any CPU
		AppStore|ARM = AppStore|ARM
		AppStore|iPhone = AppStore|iPhone
		AppStore|iPhoneSimulator = AppStore|iPhoneSimulator
		AppStore|x64 = AppStore|x64
		AppStore|x86 = AppStore|x86
		Debug|Any CPU = Debug|Any CPU
		Debug|ARM = Debug|ARM
		Debug|iPhone = Debug|iPhone
		Debug|iPhoneSimulator = Debug|iPhoneSimulator
		Debug|x64 = Debug|x64
		Debug|x86 = Debug|x86
		Release|Any CPU = Release|Any CPU
		Release|ARM = Release|ARM
		Release|iPhone = Release|iPhone
		Release|iPhoneSimulator = Release|iPhoneSimulator
		Release|x64 = Release|x64
		Release|x86 = Release|x86
	EndGlobalSection
	GlobalSection(ProjectConfigurationPlatforms) = postSolution
		{D522E2C0-AFE7-4BB1-A5F6-1087D646BE15}.Ad-Hoc|Any CPU.ActiveCfg = Release|Any CPU
		{D522E2C0-AFE7-4BB1-A5F6-1087D646BE15}.Ad-Hoc|Any CPU.Build.0 = Release|Any CPU
		{D522E2C0-AFE7-4BB1-A5F6-1087D646BE15}.Ad-Hoc|Any CPU.Deploy.0 = Release|Any CPU
		{D522E2C0-AFE7-4BB1-A5F6-1087D646BE15}.Ad-Hoc|ARM.ActiveCfg = Release|Any CPU
		{D522E2C0-AFE7-4BB1-A5F6-1087D646BE15}.Ad-Hoc|ARM.Build.0 = Release|Any CPU
		{D522E2C0-AFE7-4BB1-A5F6-1087D646BE15}.Ad-Hoc|ARM.Deploy.0 = Release|Any CPU
		{D522E2C0-AFE7-4BB1-A5F6-1087D646BE15}.Ad-Hoc|iPhone.ActiveCfg = Release|Any CPU
		{D522E2C0-AFE7-4BB1-A5F6-1087D646BE15}.Ad-Hoc|iPhone.Build.0 = Release|Any CPU
		{D522E2C0-AFE7-4BB1-A5F6-1087D646BE15}.Ad-Hoc|iPhone.Deploy.0 = Release|Any CPU
		{D522E2C0-AFE7-4BB1-A5F6-1087D646BE15}.Ad-Hoc|iPhoneSimulator.ActiveCfg = Release|Any CPU
		{D522E2C0-AFE7-4BB1-A5F6-1087D646BE15}.Ad-Hoc|iPhoneSimulator.Build.0 = Release|Any CPU
		{D522E2C0-AFE7-4BB1-A5F6-1087D646BE15}.Ad-Hoc|iPhoneSimulator.Deploy.0 = Release|Any CPU
		{D522E2C0-AFE7-4BB1-A5F6-1087D646BE15}.Ad-Hoc|x64.ActiveCfg = Release|Any CPU
		{D522E2C0-AFE7-4BB1-A5F6-1087D646BE15}.Ad-Hoc|x64.Build.0 = Release|Any CPU
		{D522E2C0-AFE7-4BB1-A5F6-1087D646BE15}.Ad-Hoc|x64.Deploy.0 = Release|Any CPU
		{D522E2C0-AFE7-4BB1-A5F6-1087D646BE15}.Ad-Hoc|x86.ActiveCfg = Release|Any CPU
		{D522E2C0-AFE7-4BB1-A5F6-1087D646BE15}.Ad-Hoc|x86.Build.0 = Release|Any CPU
		{D522E2C0-AFE7-4BB1-A5F6-1087D646BE15}.Ad-Hoc|x86.Deploy.0 = Release|Any CPU
		{D522E2C0-AFE7-4BB1-A5F6-1087D646BE15}.AppStore|Any CPU.ActiveCfg = Release|Any CPU
		{D522E2C0-AFE7-4BB1-A5F6-1087D646BE15}.AppStore|Any CPU.Build.0 = Release|Any CPU
		{D522E2C0-AFE7-4BB1-A5F6-1087D646BE15}.AppStore|Any CPU.Deploy.0 = Release|Any CPU
		{D522E2C0-AFE7-4BB1-A5F6-1087D646BE15}.AppStore|ARM.ActiveCfg = Release|Any CPU
		{D522E2C0-AFE7-4BB1-A5F6-1087D646BE15}.AppStore|ARM.Build.0 = Release|Any CPU
		{D522E2C0-AFE7-4BB1-A5F6-1087D646BE15}.AppStore|ARM.Deploy.0 = Release|Any CPU
		{D522E2C0-AFE7-4BB1-A5F6-1087D646BE15}.AppStore|iPhone.ActiveCfg = Release|Any CPU
		{D522E2C0-AFE7-4BB1-A5F6-1087D646BE15}.AppStore|iPhone.Build.0 = Release|Any CPU
		{D522E2C0-AFE7-4BB1-A5F6-1087D646BE15}.AppStore|iPhone.Deploy.0 = Release|Any CPU
		{D522E2C0-AFE7-4BB1-A5F6-1087D646BE15}.AppStore|iPhoneSimulator.ActiveCfg = Release|Any CPU
		{D522E2C0-AFE7-4BB1-A5F6-1087D646BE15}.AppStore|iPhoneSimulator.Build.0 = Release|Any CPU
		{D522E2C0-AFE7-4BB1-A5F6-1087D646BE15}.AppStore|iPhoneSimulator.Deploy.0 = Release|Any CPU
		{D522E2C0-AFE7-4BB1-A5F6-1087D646BE15}.AppStore|x64.ActiveCfg = Release|Any CPU
		{D522E2C0-AFE7-4BB1-A5F6-1087D646BE15}.AppStore|x64.Build.0 = Release|Any CPU
		{D522E2C0-AFE7-4BB1-A5F6-1087D646BE15}.AppStore|x64.Deploy.0 = Release|Any CPU
		{D522E2C0-AFE7-4BB1-A5F6-1087D646BE15}.AppStore|x86.ActiveCfg = Release|Any CPU
		{D522E2C0-AFE7-4BB1-A5F6-1087D646BE15}.AppStore|x86.Build.0 = Release|Any CPU
		{D522E2C0-AFE7-4BB1-A5F6-1087D646BE15}.AppStore|x86.Deploy.0 = Release|Any CPU
		{D522E2C0-AFE7-4BB1-A5F6-1087D646BE15}.Debug|Any CPU.ActiveCfg = Debug|Any CPU
		{D522E2C0-AFE7-4BB1-A5F6-1087D646BE15}.Debug|Any CPU.Build.0 = Debug|Any CPU
		{D522E2C0-AFE7-4BB1-A5F6-1087D646BE15}.Debug|Any CPU.Deploy.0 = Debug|Any CPU
		{D522E2C0-AFE7-4BB1-A5F6-1087D646BE15}.Debug|ARM.ActiveCfg = Debug|Any CPU
		{D522E2C0-AFE7-4BB1-A5F6-1087D646BE15}.Debug|ARM.Build.0 = Debug|Any CPU
		{D522E2C0-AFE7-4BB1-A5F6-1087D646BE15}.Debug|ARM.Deploy.0 = Debug|Any CPU
		{D522E2C0-AFE7-4BB1-A5F6-1087D646BE15}.Debug|iPhone.ActiveCfg = Debug|Any CPU
		{D522E2C0-AFE7-4BB1-A5F6-1087D646BE15}.Debug|iPhone.Build.0 = Debug|Any CPU
		{D522E2C0-AFE7-4BB1-A5F6-1087D646BE15}.Debug|iPhone.Deploy.0 = Debug|Any CPU
		{D522E2C0-AFE7-4BB1-A5F6-1087D646BE15}.Debug|iPhoneSimulator.ActiveCfg = Debug|Any CPU
		{D522E2C0-AFE7-4BB1-A5F6-1087D646BE15}.Debug|iPhoneSimulator.Build.0 = Debug|Any CPU
		{D522E2C0-AFE7-4BB1-A5F6-1087D646BE15}.Debug|iPhoneSimulator.Deploy.0 = Debug|Any CPU
		{D522E2C0-AFE7-4BB1-A5F6-1087D646BE15}.Debug|x64.ActiveCfg = Debug|Any CPU
		{D522E2C0-AFE7-4BB1-A5F6-1087D646BE15}.Debug|x64.Build.0 = Debug|Any CPU
		{D522E2C0-AFE7-4BB1-A5F6-1087D646BE15}.Debug|x64.Deploy.0 = Debug|Any CPU
		{D522E2C0-AFE7-4BB1-A5F6-1087D646BE15}.Debug|x86.ActiveCfg = Debug|Any CPU
		{D522E2C0-AFE7-4BB1-A5F6-1087D646BE15}.Debug|x86.Build.0 = Debug|Any CPU
		{D522E2C0-AFE7-4BB1-A5F6-1087D646BE15}.Debug|x86.Deploy.0 = Debug|Any CPU
		{D522E2C0-AFE7-4BB1-A5F6-1087D646BE15}.Release|Any CPU.ActiveCfg = Release|Any CPU
		{D522E2C0-AFE7-4BB1-A5F6-1087D646BE15}.Release|Any CPU.Build.0 = Release|Any CPU
		{D522E2C0-AFE7-4BB1-A5F6-1087D646BE15}.Release|Any CPU.Deploy.0 = Release|Any CPU
		{D522E2C0-AFE7-4BB1-A5F6-1087D646BE15}.Release|ARM.ActiveCfg = Release|Any CPU
		{D522E2C0-AFE7-4BB1-A5F6-1087D646BE15}.Release|ARM.Build.0 = Release|Any CPU
		{D522E2C0-AFE7-4BB1-A5F6-1087D646BE15}.Release|ARM.Deploy.0 = Release|Any CPU
		{D522E2C0-AFE7-4BB1-A5F6-1087D646BE15}.Release|iPhone.ActiveCfg = Release|Any CPU
		{D522E2C0-AFE7-4BB1-A5F6-1087D646BE15}.Release|iPhone.Build.0 = Release|Any CPU
		{D522E2C0-AFE7-4BB1-A5F6-1087D646BE15}.Release|iPhone.Deploy.0 = Release|Any CPU
		{D522E2C0-AFE7-4BB1-A5F6-1087D646BE15}.Release|iPhoneSimulator.ActiveCfg = Release|Any CPU
		{D522E2C0-AFE7-4BB1-A5F6-1087D646BE15}.Release|iPhoneSimulator.Build.0 = Release|Any CPU
		{D522E2C0-AFE7-4BB1-A5F6-1087D646BE15}.Release|iPhoneSimulator.Deploy.0 = Release|Any CPU
		{D522E2C0-AFE7-4BB1-A5F6-1087D646BE15}.Release|x64.ActiveCfg = Release|Any CPU
		{D522E2C0-AFE7-4BB1-A5F6-1087D646BE15}.Release|x64.Build.0 = Release|Any CPU
		{D522E2C0-AFE7-4BB1-A5F6-1087D646BE15}.Release|x64.Deploy.0 = Release|Any CPU
		{D522E2C0-AFE7-4BB1-A5F6-1087D646BE15}.Release|x86.ActiveCfg = Release|Any CPU
		{D522E2C0-AFE7-4BB1-A5F6-1087D646BE15}.Release|x86.Build.0 = Release|Any CPU
		{D522E2C0-AFE7-4BB1-A5F6-1087D646BE15}.Release|x86.Deploy.0 = Release|Any CPU
		{A3163004-8256-42CB-BFA5-C741A3095234}.Ad-Hoc|Any CPU.ActiveCfg = Ad-Hoc|iPhone
		{A3163004-8256-42CB-BFA5-C741A3095234}.Ad-Hoc|ARM.ActiveCfg = Ad-Hoc|iPhone
		{A3163004-8256-42CB-BFA5-C741A3095234}.Ad-Hoc|iPhone.ActiveCfg = Ad-Hoc|iPhone
		{A3163004-8256-42CB-BFA5-C741A3095234}.Ad-Hoc|iPhone.Build.0 = Ad-Hoc|iPhone
		{A3163004-8256-42CB-BFA5-C741A3095234}.Ad-Hoc|iPhoneSimulator.ActiveCfg = Ad-Hoc|iPhoneSimulator
		{A3163004-8256-42CB-BFA5-C741A3095234}.Ad-Hoc|iPhoneSimulator.Build.0 = Ad-Hoc|iPhoneSimulator
		{A3163004-8256-42CB-BFA5-C741A3095234}.Ad-Hoc|x64.ActiveCfg = Ad-Hoc|iPhone
		{A3163004-8256-42CB-BFA5-C741A3095234}.Ad-Hoc|x86.ActiveCfg = Ad-Hoc|iPhone
		{A3163004-8256-42CB-BFA5-C741A3095234}.AppStore|Any CPU.ActiveCfg = AppStore|iPhone
		{A3163004-8256-42CB-BFA5-C741A3095234}.AppStore|ARM.ActiveCfg = AppStore|iPhone
		{A3163004-8256-42CB-BFA5-C741A3095234}.AppStore|iPhone.ActiveCfg = AppStore|iPhone
		{A3163004-8256-42CB-BFA5-C741A3095234}.AppStore|iPhone.Build.0 = AppStore|iPhone
		{A3163004-8256-42CB-BFA5-C741A3095234}.AppStore|iPhoneSimulator.ActiveCfg = AppStore|iPhoneSimulator
		{A3163004-8256-42CB-BFA5-C741A3095234}.AppStore|iPhoneSimulator.Build.0 = AppStore|iPhoneSimulator
		{A3163004-8256-42CB-BFA5-C741A3095234}.AppStore|x64.ActiveCfg = AppStore|iPhone
		{A3163004-8256-42CB-BFA5-C741A3095234}.AppStore|x86.ActiveCfg = AppStore|iPhone
		{A3163004-8256-42CB-BFA5-C741A3095234}.Debug|Any CPU.ActiveCfg = Debug|iPhone
		{A3163004-8256-42CB-BFA5-C741A3095234}.Debug|ARM.ActiveCfg = Debug|iPhone
		{A3163004-8256-42CB-BFA5-C741A3095234}.Debug|iPhone.ActiveCfg = Debug|iPhone
		{A3163004-8256-42CB-BFA5-C741A3095234}.Debug|iPhone.Build.0 = Debug|iPhone
		{A3163004-8256-42CB-BFA5-C741A3095234}.Debug|iPhoneSimulator.ActiveCfg = Debug|iPhoneSimulator
		{A3163004-8256-42CB-BFA5-C741A3095234}.Debug|iPhoneSimulator.Build.0 = Debug|iPhoneSimulator
		{A3163004-8256-42CB-BFA5-C741A3095234}.Debug|x64.ActiveCfg = Debug|iPhone
		{A3163004-8256-42CB-BFA5-C741A3095234}.Debug|x86.ActiveCfg = Debug|iPhone
		{A3163004-8256-42CB-BFA5-C741A3095234}.Release|Any CPU.ActiveCfg = Release|iPhone
		{A3163004-8256-42CB-BFA5-C741A3095234}.Release|ARM.ActiveCfg = Release|iPhone
		{A3163004-8256-42CB-BFA5-C741A3095234}.Release|iPhone.ActiveCfg = Release|iPhone
		{A3163004-8256-42CB-BFA5-C741A3095234}.Release|iPhone.Build.0 = Release|iPhone
		{A3163004-8256-42CB-BFA5-C741A3095234}.Release|iPhoneSimulator.ActiveCfg = Release|iPhoneSimulator
		{A3163004-8256-42CB-BFA5-C741A3095234}.Release|iPhoneSimulator.Build.0 = Release|iPhoneSimulator
		{A3163004-8256-42CB-BFA5-C741A3095234}.Release|x64.ActiveCfg = Release|iPhone
		{A3163004-8256-42CB-BFA5-C741A3095234}.Release|x86.ActiveCfg = Release|iPhone
		{21184BE7-6D8C-4A66-BFAC-5D2E7CAF150A}.Ad-Hoc|Any CPU.ActiveCfg = Release|x86
		{21184BE7-6D8C-4A66-BFAC-5D2E7CAF150A}.Ad-Hoc|Any CPU.Build.0 = Release|x86
		{21184BE7-6D8C-4A66-BFAC-5D2E7CAF150A}.Ad-Hoc|Any CPU.Deploy.0 = Release|x86
		{21184BE7-6D8C-4A66-BFAC-5D2E7CAF150A}.Ad-Hoc|ARM.ActiveCfg = Release|ARM
		{21184BE7-6D8C-4A66-BFAC-5D2E7CAF150A}.Ad-Hoc|ARM.Build.0 = Release|ARM
		{21184BE7-6D8C-4A66-BFAC-5D2E7CAF150A}.Ad-Hoc|ARM.Deploy.0 = Release|ARM
		{21184BE7-6D8C-4A66-BFAC-5D2E7CAF150A}.Ad-Hoc|iPhone.ActiveCfg = Release|x86
		{21184BE7-6D8C-4A66-BFAC-5D2E7CAF150A}.Ad-Hoc|iPhone.Build.0 = Release|x86
		{21184BE7-6D8C-4A66-BFAC-5D2E7CAF150A}.Ad-Hoc|iPhone.Deploy.0 = Release|x86
		{21184BE7-6D8C-4A66-BFAC-5D2E7CAF150A}.Ad-Hoc|iPhoneSimulator.ActiveCfg = Release|x86
		{21184BE7-6D8C-4A66-BFAC-5D2E7CAF150A}.Ad-Hoc|iPhoneSimulator.Build.0 = Release|x86
		{21184BE7-6D8C-4A66-BFAC-5D2E7CAF150A}.Ad-Hoc|iPhoneSimulator.Deploy.0 = Release|x86
		{21184BE7-6D8C-4A66-BFAC-5D2E7CAF150A}.Ad-Hoc|x64.ActiveCfg = Release|x64
		{21184BE7-6D8C-4A66-BFAC-5D2E7CAF150A}.Ad-Hoc|x64.Build.0 = Release|x64
		{21184BE7-6D8C-4A66-BFAC-5D2E7CAF150A}.Ad-Hoc|x64.Deploy.0 = Release|x64
		{21184BE7-6D8C-4A66-BFAC-5D2E7CAF150A}.Ad-Hoc|x86.ActiveCfg = Release|x86
		{21184BE7-6D8C-4A66-BFAC-5D2E7CAF150A}.Ad-Hoc|x86.Build.0 = Release|x86
		{21184BE7-6D8C-4A66-BFAC-5D2E7CAF150A}.Ad-Hoc|x86.Deploy.0 = Release|x86
		{21184BE7-6D8C-4A66-BFAC-5D2E7CAF150A}.AppStore|Any CPU.ActiveCfg = Release|x86
		{21184BE7-6D8C-4A66-BFAC-5D2E7CAF150A}.AppStore|Any CPU.Build.0 = Release|x86
		{21184BE7-6D8C-4A66-BFAC-5D2E7CAF150A}.AppStore|Any CPU.Deploy.0 = Release|x86
		{21184BE7-6D8C-4A66-BFAC-5D2E7CAF150A}.AppStore|ARM.ActiveCfg = Release|ARM
		{21184BE7-6D8C-4A66-BFAC-5D2E7CAF150A}.AppStore|ARM.Build.0 = Release|ARM
		{21184BE7-6D8C-4A66-BFAC-5D2E7CAF150A}.AppStore|ARM.Deploy.0 = Release|ARM
		{21184BE7-6D8C-4A66-BFAC-5D2E7CAF150A}.AppStore|iPhone.ActiveCfg = Release|x86
		{21184BE7-6D8C-4A66-BFAC-5D2E7CAF150A}.AppStore|iPhone.Build.0 = Release|x86
		{21184BE7-6D8C-4A66-BFAC-5D2E7CAF150A}.AppStore|iPhone.Deploy.0 = Release|x86
		{21184BE7-6D8C-4A66-BFAC-5D2E7CAF150A}.AppStore|iPhoneSimulator.ActiveCfg = Release|x86
		{21184BE7-6D8C-4A66-BFAC-5D2E7CAF150A}.AppStore|iPhoneSimulator.Build.0 = Release|x86
		{21184BE7-6D8C-4A66-BFAC-5D2E7CAF150A}.AppStore|iPhoneSimulator.Deploy.0 = Release|x86
		{21184BE7-6D8C-4A66-BFAC-5D2E7CAF150A}.AppStore|x64.ActiveCfg = Release|x64
		{21184BE7-6D8C-4A66-BFAC-5D2E7CAF150A}.AppStore|x64.Build.0 = Release|x64
		{21184BE7-6D8C-4A66-BFAC-5D2E7CAF150A}.AppStore|x64.Deploy.0 = Release|x64
		{21184BE7-6D8C-4A66-BFAC-5D2E7CAF150A}.AppStore|x86.ActiveCfg = Release|x86
		{21184BE7-6D8C-4A66-BFAC-5D2E7CAF150A}.AppStore|x86.Build.0 = Release|x86
		{21184BE7-6D8C-4A66-BFAC-5D2E7CAF150A}.AppStore|x86.Deploy.0 = Release|x86
		{21184BE7-6D8C-4A66-BFAC-5D2E7CAF150A}.Debug|Any CPU.ActiveCfg = Debug|x86
		{21184BE7-6D8C-4A66-BFAC-5D2E7CAF150A}.Debug|ARM.ActiveCfg = Debug|ARM
		{21184BE7-6D8C-4A66-BFAC-5D2E7CAF150A}.Debug|ARM.Build.0 = Debug|ARM
		{21184BE7-6D8C-4A66-BFAC-5D2E7CAF150A}.Debug|ARM.Deploy.0 = Debug|ARM
		{21184BE7-6D8C-4A66-BFAC-5D2E7CAF150A}.Debug|iPhone.ActiveCfg = Debug|x86
		{21184BE7-6D8C-4A66-BFAC-5D2E7CAF150A}.Debug|iPhoneSimulator.ActiveCfg = Debug|x86
		{21184BE7-6D8C-4A66-BFAC-5D2E7CAF150A}.Debug|x64.ActiveCfg = Debug|x64
		{21184BE7-6D8C-4A66-BFAC-5D2E7CAF150A}.Debug|x64.Build.0 = Debug|x64
		{21184BE7-6D8C-4A66-BFAC-5D2E7CAF150A}.Debug|x64.Deploy.0 = Debug|x64
		{21184BE7-6D8C-4A66-BFAC-5D2E7CAF150A}.Debug|x86.ActiveCfg = Debug|x86
		{21184BE7-6D8C-4A66-BFAC-5D2E7CAF150A}.Debug|x86.Build.0 = Debug|x86
		{21184BE7-6D8C-4A66-BFAC-5D2E7CAF150A}.Debug|x86.Deploy.0 = Debug|x86
		{21184BE7-6D8C-4A66-BFAC-5D2E7CAF150A}.Release|Any CPU.ActiveCfg = Release|x86
		{21184BE7-6D8C-4A66-BFAC-5D2E7CAF150A}.Release|ARM.ActiveCfg = Release|ARM
		{21184BE7-6D8C-4A66-BFAC-5D2E7CAF150A}.Release|ARM.Build.0 = Release|ARM
		{21184BE7-6D8C-4A66-BFAC-5D2E7CAF150A}.Release|ARM.Deploy.0 = Release|ARM
		{21184BE7-6D8C-4A66-BFAC-5D2E7CAF150A}.Release|iPhone.ActiveCfg = Release|x86
		{21184BE7-6D8C-4A66-BFAC-5D2E7CAF150A}.Release|iPhoneSimulator.ActiveCfg = Release|x86
		{21184BE7-6D8C-4A66-BFAC-5D2E7CAF150A}.Release|x64.ActiveCfg = Release|x64
		{21184BE7-6D8C-4A66-BFAC-5D2E7CAF150A}.Release|x64.Build.0 = Release|x64
		{21184BE7-6D8C-4A66-BFAC-5D2E7CAF150A}.Release|x64.Deploy.0 = Release|x64
		{21184BE7-6D8C-4A66-BFAC-5D2E7CAF150A}.Release|x86.ActiveCfg = Release|x86
		{21184BE7-6D8C-4A66-BFAC-5D2E7CAF150A}.Release|x86.Build.0 = Release|x86
		{21184BE7-6D8C-4A66-BFAC-5D2E7CAF150A}.Release|x86.Deploy.0 = Release|x86
		{187A060A-CEA6-4521-AB55-509EA62283FE}.Ad-Hoc|Any CPU.ActiveCfg = Debug|Any CPU
		{187A060A-CEA6-4521-AB55-509EA62283FE}.Ad-Hoc|Any CPU.Build.0 = Debug|Any CPU
		{187A060A-CEA6-4521-AB55-509EA62283FE}.Ad-Hoc|ARM.ActiveCfg = Debug|Any CPU
		{187A060A-CEA6-4521-AB55-509EA62283FE}.Ad-Hoc|ARM.Build.0 = Debug|Any CPU
		{187A060A-CEA6-4521-AB55-509EA62283FE}.Ad-Hoc|iPhone.ActiveCfg = Debug|Any CPU
		{187A060A-CEA6-4521-AB55-509EA62283FE}.Ad-Hoc|iPhone.Build.0 = Debug|Any CPU
		{187A060A-CEA6-4521-AB55-509EA62283FE}.Ad-Hoc|iPhoneSimulator.ActiveCfg = Debug|Any CPU
		{187A060A-CEA6-4521-AB55-509EA62283FE}.Ad-Hoc|iPhoneSimulator.Build.0 = Debug|Any CPU
		{187A060A-CEA6-4521-AB55-509EA62283FE}.Ad-Hoc|x64.ActiveCfg = Debug|Any CPU
		{187A060A-CEA6-4521-AB55-509EA62283FE}.Ad-Hoc|x64.Build.0 = Debug|Any CPU
		{187A060A-CEA6-4521-AB55-509EA62283FE}.Ad-Hoc|x86.ActiveCfg = Debug|Any CPU
		{187A060A-CEA6-4521-AB55-509EA62283FE}.Ad-Hoc|x86.Build.0 = Debug|Any CPU
		{187A060A-CEA6-4521-AB55-509EA62283FE}.AppStore|Any CPU.ActiveCfg = Debug|Any CPU
		{187A060A-CEA6-4521-AB55-509EA62283FE}.AppStore|Any CPU.Build.0 = Debug|Any CPU
		{187A060A-CEA6-4521-AB55-509EA62283FE}.AppStore|ARM.ActiveCfg = Debug|Any CPU
		{187A060A-CEA6-4521-AB55-509EA62283FE}.AppStore|ARM.Build.0 = Debug|Any CPU
		{187A060A-CEA6-4521-AB55-509EA62283FE}.AppStore|iPhone.ActiveCfg = Debug|Any CPU
		{187A060A-CEA6-4521-AB55-509EA62283FE}.AppStore|iPhone.Build.0 = Debug|Any CPU
		{187A060A-CEA6-4521-AB55-509EA62283FE}.AppStore|iPhoneSimulator.ActiveCfg = Debug|Any CPU
		{187A060A-CEA6-4521-AB55-509EA62283FE}.AppStore|iPhoneSimulator.Build.0 = Debug|Any CPU
		{187A060A-CEA6-4521-AB55-509EA62283FE}.AppStore|x64.ActiveCfg = Debug|Any CPU
		{187A060A-CEA6-4521-AB55-509EA62283FE}.AppStore|x64.Build.0 = Debug|Any CPU
		{187A060A-CEA6-4521-AB55-509EA62283FE}.AppStore|x86.ActiveCfg = Debug|Any CPU
		{187A060A-CEA6-4521-AB55-509EA62283FE}.AppStore|x86.Build.0 = Debug|Any CPU
		{187A060A-CEA6-4521-AB55-509EA62283FE}.Debug|Any CPU.ActiveCfg = Debug|Any CPU
		{187A060A-CEA6-4521-AB55-509EA62283FE}.Debug|Any CPU.Build.0 = Debug|Any CPU
		{187A060A-CEA6-4521-AB55-509EA62283FE}.Debug|ARM.ActiveCfg = Debug|Any CPU
		{187A060A-CEA6-4521-AB55-509EA62283FE}.Debug|ARM.Build.0 = Debug|Any CPU
		{187A060A-CEA6-4521-AB55-509EA62283FE}.Debug|iPhone.ActiveCfg = Debug|Any CPU
		{187A060A-CEA6-4521-AB55-509EA62283FE}.Debug|iPhone.Build.0 = Debug|Any CPU
		{187A060A-CEA6-4521-AB55-509EA62283FE}.Debug|iPhoneSimulator.ActiveCfg = Debug|Any CPU
		{187A060A-CEA6-4521-AB55-509EA62283FE}.Debug|iPhoneSimulator.Build.0 = Debug|Any CPU
		{187A060A-CEA6-4521-AB55-509EA62283FE}.Debug|x64.ActiveCfg = Debug|Any CPU
		{187A060A-CEA6-4521-AB55-509EA62283FE}.Debug|x64.Build.0 = Debug|Any CPU
		{187A060A-CEA6-4521-AB55-509EA62283FE}.Debug|x86.ActiveCfg = Debug|Any CPU
		{187A060A-CEA6-4521-AB55-509EA62283FE}.Debug|x86.Build.0 = Debug|Any CPU
		{187A060A-CEA6-4521-AB55-509EA62283FE}.Release|Any CPU.ActiveCfg = Release|Any CPU
		{187A060A-CEA6-4521-AB55-509EA62283FE}.Release|Any CPU.Build.0 = Release|Any CPU
		{187A060A-CEA6-4521-AB55-509EA62283FE}.Release|ARM.ActiveCfg = Release|Any CPU
		{187A060A-CEA6-4521-AB55-509EA62283FE}.Release|ARM.Build.0 = Release|Any CPU
		{187A060A-CEA6-4521-AB55-509EA62283FE}.Release|iPhone.ActiveCfg = Release|Any CPU
		{187A060A-CEA6-4521-AB55-509EA62283FE}.Release|iPhone.Build.0 = Release|Any CPU
		{187A060A-CEA6-4521-AB55-509EA62283FE}.Release|iPhoneSimulator.ActiveCfg = Release|Any CPU
		{187A060A-CEA6-4521-AB55-509EA62283FE}.Release|iPhoneSimulator.Build.0 = Release|Any CPU
		{187A060A-CEA6-4521-AB55-509EA62283FE}.Release|x64.ActiveCfg = Release|Any CPU
		{187A060A-CEA6-4521-AB55-509EA62283FE}.Release|x64.Build.0 = Release|Any CPU
		{187A060A-CEA6-4521-AB55-509EA62283FE}.Release|x86.ActiveCfg = Release|Any CPU
		{187A060A-CEA6-4521-AB55-509EA62283FE}.Release|x86.Build.0 = Release|Any CPU
	EndGlobalSection
	GlobalSection(SolutionProperties) = preSolution
		HideSolutionNode = FALSE
	EndGlobalSection
	GlobalSection(ExtensibilityGlobals) = postSolution
		SolutionGuid = {09B4A568-5AC5-445E-B971-A5CE82CE322F}
	EndGlobalSection
EndGlobal
